// !$*UTF8*$!
{
	archiveVersion = 1;
	classes = {
	};
	objectVersion = 46;
	objects = {

/* Begin PBXBuildFile section */
		A7920CD91E6E6D9700B37B81 /* AppDelegate.swift in Sources */ = {isa = PBXBuildFile; fileRef = A7920CD81E6E6D9700B37B81 /* AppDelegate.swift */; };
		A7920CDB1E6E6D9700B37B81 /* RootViewController.swift in Sources */ = {isa = PBXBuildFile; fileRef = A7920CDA1E6E6D9700B37B81 /* RootViewController.swift */; };
		A7920CDD1E6E6D9700B37B81 /* DataViewController.swift in Sources */ = {isa = PBXBuildFile; fileRef = A7920CDC1E6E6D9700B37B81 /* DataViewController.swift */; };
		A7920CDF1E6E6D9700B37B81 /* ModelController.swift in Sources */ = {isa = PBXBuildFile; fileRef = A7920CDE1E6E6D9700B37B81 /* ModelController.swift */; };
		A7920CE21E6E6D9700B37B81 /* Main.storyboard in Resources */ = {isa = PBXBuildFile; fileRef = A7920CE01E6E6D9700B37B81 /* Main.storyboard */; };
		A7920CE41E6E6D9700B37B81 /* Assets.xcassets in Resources */ = {isa = PBXBuildFile; fileRef = A7920CE31E6E6D9700B37B81 /* Assets.xcassets */; };
		A7920CE71E6E6D9700B37B81 /* LaunchScreen.storyboard in Resources */ = {isa = PBXBuildFile; fileRef = A7920CE51E6E6D9700B37B81 /* LaunchScreen.storyboard */; };
		A7920CF21E6E6D9700B37B81 /* Rival_iosTests.swift in Sources */ = {isa = PBXBuildFile; fileRef = A7920CF11E6E6D9700B37B81 /* Rival_iosTests.swift */; };
		A7920CFD1E6E6D9700B37B81 /* Rival_iosUITests.swift in Sources */ = {isa = PBXBuildFile; fileRef = A7920CFC1E6E6D9700B37B81 /* Rival_iosUITests.swift */; };
/* End PBXBuildFile section */

/* Begin PBXContainerItemProxy section */
		A7920CEE1E6E6D9700B37B81 /* PBXContainerItemProxy */ = {
			isa = PBXContainerItemProxy;
			containerPortal = A7920CCD1E6E6D9600B37B81 /* Project object */;
			proxyType = 1;
			remoteGlobalIDString = A7920CD41E6E6D9600B37B81;
			remoteInfo = Rival_ios;
		};
		A7920CF91E6E6D9700B37B81 /* PBXContainerItemProxy */ = {
			isa = PBXContainerItemProxy;
			containerPortal = A7920CCD1E6E6D9600B37B81 /* Project object */;
			proxyType = 1;
			remoteGlobalIDString = A7920CD41E6E6D9600B37B81;
			remoteInfo = Rival_ios;
		};
/* End PBXContainerItemProxy section */

/* Begin PBXFileReference section */
		A7920CD51E6E6D9700B37B81 /* Rival_ios.app */ = {isa = PBXFileReference; explicitFileType = wrapper.application; includeInIndex = 0; path = Rival_ios.app; sourceTree = BUILT_PRODUCTS_DIR; };
		A7920CD81E6E6D9700B37B81 /* AppDelegate.swift */ = {isa = PBXFileReference; lastKnownFileType = sourcecode.swift; path = AppDelegate.swift; sourceTree = "<group>"; };
		A7920CDA1E6E6D9700B37B81 /* RootViewController.swift */ = {isa = PBXFileReference; lastKnownFileType = sourcecode.swift; path = RootViewController.swift; sourceTree = "<group>"; };
		A7920CDC1E6E6D9700B37B81 /* DataViewController.swift */ = {isa = PBXFileReference; lastKnownFileType = sourcecode.swift; path = DataViewController.swift; sourceTree = "<group>"; };
		A7920CDE1E6E6D9700B37B81 /* ModelController.swift */ = {isa = PBXFileReference; lastKnownFileType = sourcecode.swift; path = ModelController.swift; sourceTree = "<group>"; };
		A7920CE11E6E6D9700B37B81 /* Base */ = {isa = PBXFileReference; lastKnownFileType = file.storyboard; name = Base; path = Base.lproj/Main.storyboard; sourceTree = "<group>"; };
		A7920CE31E6E6D9700B37B81 /* Assets.xcassets */ = {isa = PBXFileReference; lastKnownFileType = folder.assetcatalog; path = Assets.xcassets; sourceTree = "<group>"; };
		A7920CE61E6E6D9700B37B81 /* Base */ = {isa = PBXFileReference; lastKnownFileType = file.storyboard; name = Base; path = Base.lproj/LaunchScreen.storyboard; sourceTree = "<group>"; };
		A7920CE81E6E6D9700B37B81 /* Info.plist */ = {isa = PBXFileReference; lastKnownFileType = text.plist.xml; path = Info.plist; sourceTree = "<group>"; };
		A7920CED1E6E6D9700B37B81 /* Rival_iosTests.xctest */ = {isa = PBXFileReference; explicitFileType = wrapper.cfbundle; includeInIndex = 0; path = Rival_iosTests.xctest; sourceTree = BUILT_PRODUCTS_DIR; };
		A7920CF11E6E6D9700B37B81 /* Rival_iosTests.swift */ = {isa = PBXFileReference; lastKnownFileType = sourcecode.swift; path = Rival_iosTests.swift; sourceTree = "<group>"; };
		A7920CF31E6E6D9700B37B81 /* Info.plist */ = {isa = PBXFileReference; lastKnownFileType = text.plist.xml; path = Info.plist; sourceTree = "<group>"; };
		A7920CF81E6E6D9700B37B81 /* Rival_iosUITests.xctest */ = {isa = PBXFileReference; explicitFileType = wrapper.cfbundle; includeInIndex = 0; path = Rival_iosUITests.xctest; sourceTree = BUILT_PRODUCTS_DIR; };
		A7920CFC1E6E6D9700B37B81 /* Rival_iosUITests.swift */ = {isa = PBXFileReference; lastKnownFileType = sourcecode.swift; path = Rival_iosUITests.swift; sourceTree = "<group>"; };
		A7920CFE1E6E6D9700B37B81 /* Info.plist */ = {isa = PBXFileReference; lastKnownFileType = text.plist.xml; path = Info.plist; sourceTree = "<group>"; };
/* End PBXFileReference section */

/* Begin PBXFrameworksBuildPhase section */
		A7920CD21E6E6D9600B37B81 /* Frameworks */ = {
			isa = PBXFrameworksBuildPhase;
			buildActionMask = 2147483647;
			files = (
			);
			runOnlyForDeploymentPostprocessing = 0;
		};
		A7920CEA1E6E6D9700B37B81 /* Frameworks */ = {
			isa = PBXFrameworksBuildPhase;
			buildActionMask = 2147483647;
			files = (
			);
			runOnlyForDeploymentPostprocessing = 0;
		};
		A7920CF51E6E6D9700B37B81 /* Frameworks */ = {
			isa = PBXFrameworksBuildPhase;
			buildActionMask = 2147483647;
			files = (
			);
			runOnlyForDeploymentPostprocessing = 0;
		};
/* End PBXFrameworksBuildPhase section */

/* Begin PBXGroup section */
		A7920CCC1E6E6D9600B37B81 = {
			isa = PBXGroup;
			children = (
				A7920CD71E6E6D9700B37B81 /* Rival_ios */,
				A7920CF01E6E6D9700B37B81 /* Rival_iosTests */,
				A7920CFB1E6E6D9700B37B81 /* Rival_iosUITests */,
				A7920CD61E6E6D9700B37B81 /* Products */,
			);
			sourceTree = "<group>";
		};
		A7920CD61E6E6D9700B37B81 /* Products */ = {
			isa = PBXGroup;
			children = (
				A7920CD51E6E6D9700B37B81 /* Rival_ios.app */,
				A7920CED1E6E6D9700B37B81 /* Rival_iosTests.xctest */,
				A7920CF81E6E6D9700B37B81 /* Rival_iosUITests.xctest */,
			);
			name = Products;
			sourceTree = "<group>";
		};
		A7920CD71E6E6D9700B37B81 /* Rival_ios */ = {
			isa = PBXGroup;
			children = (
				A7920CD81E6E6D9700B37B81 /* AppDelegate.swift */,
				A7920CDA1E6E6D9700B37B81 /* RootViewController.swift */,
				A7920CDC1E6E6D9700B37B81 /* DataViewController.swift */,
				A7920CDE1E6E6D9700B37B81 /* ModelController.swift */,
				A7920CE01E6E6D9700B37B81 /* Main.storyboard */,
				A7920CE31E6E6D9700B37B81 /* Assets.xcassets */,
				A7920CE51E6E6D9700B37B81 /* LaunchScreen.storyboard */,
				A7920CE81E6E6D9700B37B81 /* Info.plist */,
			);
			path = Rival_ios;
			sourceTree = "<group>";
		};
		A7920CF01E6E6D9700B37B81 /* Rival_iosTests */ = {
			isa = PBXGroup;
			children = (
				A7920CF11E6E6D9700B37B81 /* Rival_iosTests.swift */,
				A7920CF31E6E6D9700B37B81 /* Info.plist */,
			);
			path = Rival_iosTests;
			sourceTree = "<group>";
		};
		A7920CFB1E6E6D9700B37B81 /* Rival_iosUITests */ = {
			isa = PBXGroup;
			children = (
				A7920CFC1E6E6D9700B37B81 /* Rival_iosUITests.swift */,
				A7920CFE1E6E6D9700B37B81 /* Info.plist */,
			);
			path = Rival_iosUITests;
			sourceTree = "<group>";
		};
/* End PBXGroup section */

/* Begin PBXNativeTarget section */
		A7920CD41E6E6D9600B37B81 /* Rival_ios */ = {
			isa = PBXNativeTarget;
			buildConfigurationList = A7920D011E6E6D9700B37B81 /* Build configuration list for PBXNativeTarget "Rival_ios" */;
			buildPhases = (
				A7920CD11E6E6D9600B37B81 /* Sources */,
				A7920CD21E6E6D9600B37B81 /* Frameworks */,
				A7920CD31E6E6D9600B37B81 /* Resources */,
			);
			buildRules = (
			);
			dependencies = (
			);
			name = Rival_ios;
			productName = Rival_ios;
			productReference = A7920CD51E6E6D9700B37B81 /* Rival_ios.app */;
			productType = "com.apple.product-type.application";
		};
		A7920CEC1E6E6D9700B37B81 /* Rival_iosTests */ = {
			isa = PBXNativeTarget;
			buildConfigurationList = A7920D041E6E6D9700B37B81 /* Build configuration list for PBXNativeTarget "Rival_iosTests" */;
			buildPhases = (
				A7920CE91E6E6D9700B37B81 /* Sources */,
				A7920CEA1E6E6D9700B37B81 /* Frameworks */,
				A7920CEB1E6E6D9700B37B81 /* Resources */,
			);
			buildRules = (
			);
			dependencies = (
				A7920CEF1E6E6D9700B37B81 /* PBXTargetDependency */,
			);
			name = Rival_iosTests;
			productName = Rival_iosTests;
			productReference = A7920CED1E6E6D9700B37B81 /* Rival_iosTests.xctest */;
			productType = "com.apple.product-type.bundle.unit-test";
		};
		A7920CF71E6E6D9700B37B81 /* Rival_iosUITests */ = {
			isa = PBXNativeTarget;
			buildConfigurationList = A7920D071E6E6D9700B37B81 /* Build configuration list for PBXNativeTarget "Rival_iosUITests" */;
			buildPhases = (
				A7920CF41E6E6D9700B37B81 /* Sources */,
				A7920CF51E6E6D9700B37B81 /* Frameworks */,
				A7920CF61E6E6D9700B37B81 /* Resources */,
			);
			buildRules = (
			);
			dependencies = (
				A7920CFA1E6E6D9700B37B81 /* PBXTargetDependency */,
			);
			name = Rival_iosUITests;
			productName = Rival_iosUITests;
			productReference = A7920CF81E6E6D9700B37B81 /* Rival_iosUITests.xctest */;
			productType = "com.apple.product-type.bundle.ui-testing";
		};
/* End PBXNativeTarget section */

/* Begin PBXProject section */
		A7920CCD1E6E6D9600B37B81 /* Project object */ = {
			isa = PBXProject;
			attributes = {
				LastSwiftUpdateCheck = 0820;
				LastUpgradeCheck = 0820;
				ORGANIZATIONNAME = "Sung Kyungmo";
				TargetAttributes = {
					A7920CD41E6E6D9600B37B81 = {
						CreatedOnToolsVersion = 8.2.1;
						DevelopmentTeam = YV47R3P48P;
						ProvisioningStyle = Automatic;
					};
					A7920CEC1E6E6D9700B37B81 = {
						CreatedOnToolsVersion = 8.2.1;
						DevelopmentTeam = YV47R3P48P;
						ProvisioningStyle = Automatic;
						TestTargetID = A7920CD41E6E6D9600B37B81;
					};
					A7920CF71E6E6D9700B37B81 = {
						CreatedOnToolsVersion = 8.2.1;
						DevelopmentTeam = YV47R3P48P;
						ProvisioningStyle = Automatic;
						TestTargetID = A7920CD41E6E6D9600B37B81;
					};
				};
			};
			buildConfigurationList = A7920CD01E6E6D9600B37B81 /* Build configuration list for PBXProject "Rival_ios" */;
			compatibilityVersion = "Xcode 3.2";
			developmentRegion = English;
			hasScannedForEncodings = 0;
			knownRegions = (
				en,
				Base,
			);
			mainGroup = A7920CCC1E6E6D9600B37B81;
			productRefGroup = A7920CD61E6E6D9700B37B81 /* Products */;
			projectDirPath = "";
			projectRoot = "";
			targets = (
				A7920CD41E6E6D9600B37B81 /* Rival_ios */,
				A7920CEC1E6E6D9700B37B81 /* Rival_iosTests */,
				A7920CF71E6E6D9700B37B81 /* Rival_iosUITests */,
			);
		};
/* End PBXProject section */

/* Begin PBXResourcesBuildPhase section */
		A7920CD31E6E6D9600B37B81 /* Resources */ = {
			isa = PBXResourcesBuildPhase;
			buildActionMask = 2147483647;
			files = (
				A7920CE71E6E6D9700B37B81 /* LaunchScreen.storyboard in Resources */,
				A7920CE41E6E6D9700B37B81 /* Assets.xcassets in Resources */,
				A7920CE21E6E6D9700B37B81 /* Main.storyboard in Resources */,
			);
			runOnlyForDeploymentPostprocessing = 0;
		};
		A7920CEB1E6E6D9700B37B81 /* Resources */ = {
			isa = PBXResourcesBuildPhase;
			buildActionMask = 2147483647;
			files = (
			);
			runOnlyForDeploymentPostprocessing = 0;
		};
		A7920CF61E6E6D9700B37B81 /* Resources */ = {
			isa = PBXResourcesBuildPhase;
			buildActionMask = 2147483647;
			files = (
			);
			runOnlyForDeploymentPostprocessing = 0;
		};
/* End PBXResourcesBuildPhase section */

/* Begin PBXSourcesBuildPhase section */
		A7920CD11E6E6D9600B37B81 /* Sources */ = {
			isa = PBXSourcesBuildPhase;
			buildActionMask = 2147483647;
			files = (
				A7920CDB1E6E6D9700B37B81 /* RootViewController.swift in Sources */,
				A7920CDF1E6E6D9700B37B81 /* ModelController.swift in Sources */,
				A7920CDD1E6E6D9700B37B81 /* DataViewController.swift in Sources */,
				A7920CD91E6E6D9700B37B81 /* AppDelegate.swift in Sources */,
			);
			runOnlyForDeploymentPostprocessing = 0;
		};
		A7920CE91E6E6D9700B37B81 /* Sources */ = {
			isa = PBXSourcesBuildPhase;
			buildActionMask = 2147483647;
			files = (
				A7920CF21E6E6D9700B37B81 /* Rival_iosTests.swift in Sources */,
			);
			runOnlyForDeploymentPostprocessing = 0;
		};
		A7920CF41E6E6D9700B37B81 /* Sources */ = {
			isa = PBXSourcesBuildPhase;
			buildActionMask = 2147483647;
			files = (
				A7920CFD1E6E6D9700B37B81 /* Rival_iosUITests.swift in Sources */,
			);
			runOnlyForDeploymentPostprocessing = 0;
		};
/* End PBXSourcesBuildPhase section */

/* Begin PBXTargetDependency section */
		A7920CEF1E6E6D9700B37B81 /* PBXTargetDependency */ = {
			isa = PBXTargetDependency;
			target = A7920CD41E6E6D9600B37B81 /* Rival_ios */;
			targetProxy = A7920CEE1E6E6D9700B37B81 /* PBXContainerItemProxy */;
		};
		A7920CFA1E6E6D9700B37B81 /* PBXTargetDependency */ = {
			isa = PBXTargetDependency;
			target = A7920CD41E6E6D9600B37B81 /* Rival_ios */;
			targetProxy = A7920CF91E6E6D9700B37B81 /* PBXContainerItemProxy */;
		};
/* End PBXTargetDependency section */

/* Begin PBXVariantGroup section */
		A7920CE01E6E6D9700B37B81 /* Main.storyboard */ = {
			isa = PBXVariantGroup;
			children = (
				A7920CE11E6E6D9700B37B81 /* Base */,
			);
			name = Main.storyboard;
			sourceTree = "<group>";
		};
		A7920CE51E6E6D9700B37B81 /* LaunchScreen.storyboard */ = {
			isa = PBXVariantGroup;
			children = (
				A7920CE61E6E6D9700B37B81 /* Base */,
			);
			name = LaunchScreen.storyboard;
			sourceTree = "<group>";
		};
/* End PBXVariantGroup section */

/* Begin XCBuildConfiguration section */
		A7920CFF1E6E6D9700B37B81 /* Debug */ = {
			isa = XCBuildConfiguration;
			buildSettings = {
				ALWAYS_SEARCH_USER_PATHS = NO;
				CLANG_ANALYZER_NONNULL = YES;
				CLANG_CXX_LANGUAGE_STANDARD = "gnu++0x";
				CLANG_CXX_LIBRARY = "libc++";
				CLANG_ENABLE_MODULES = YES;
				CLANG_ENABLE_OBJC_ARC = YES;
				CLANG_WARN_BOOL_CONVERSION = YES;
				CLANG_WARN_CONSTANT_CONVERSION = YES;
				CLANG_WARN_DIRECT_OBJC_ISA_USAGE = YES_ERROR;
				CLANG_WARN_DOCUMENTATION_COMMENTS = YES;
				CLANG_WARN_EMPTY_BODY = YES;
				CLANG_WARN_ENUM_CONVERSION = YES;
				CLANG_WARN_INFINITE_RECURSION = YES;
				CLANG_WARN_INT_CONVERSION = YES;
				CLANG_WARN_OBJC_ROOT_CLASS = YES_ERROR;
				CLANG_WARN_SUSPICIOUS_MOVE = YES;
				CLANG_WARN_UNREACHABLE_CODE = YES;
				CLANG_WARN__DUPLICATE_METHOD_MATCH = YES;
				"CODE_SIGN_IDENTITY[sdk=iphoneos*]" = "iPhone Developer";
				COPY_PHASE_STRIP = NO;
				DEBUG_INFORMATION_FORMAT = dwarf;
				ENABLE_STRICT_OBJC_MSGSEND = YES;
				ENABLE_TESTABILITY = YES;
				GCC_C_LANGUAGE_STANDARD = gnu99;
				GCC_DYNAMIC_NO_PIC = NO;
				GCC_NO_COMMON_BLOCKS = YES;
				GCC_OPTIMIZATION_LEVEL = 0;
				GCC_PREPROCESSOR_DEFINITIONS = (
					"DEBUG=1",
					"$(inherited)",
				);
				GCC_WARN_64_TO_32_BIT_CONVERSION = YES;
				GCC_WARN_ABOUT_RETURN_TYPE = YES_ERROR;
				GCC_WARN_UNDECLARED_SELECTOR = YES;
				GCC_WARN_UNINITIALIZED_AUTOS = YES_AGGRESSIVE;
				GCC_WARN_UNUSED_FUNCTION = YES;
				GCC_WARN_UNUSED_VARIABLE = YES;
				IPHONEOS_DEPLOYMENT_TARGET = 10.2;
				MTL_ENABLE_DEBUG_INFO = YES;
				ONLY_ACTIVE_ARCH = YES;
				SDKROOT = iphoneos;
				SWIFT_ACTIVE_COMPILATION_CONDITIONS = DEBUG;
				SWIFT_OPTIMIZATION_LEVEL = "-Onone";
				TARGETED_DEVICE_FAMILY = "1,2";
			};
			name = Debug;
		};
		A7920D001E6E6D9700B37B81 /* Release */ = {
			isa = XCBuildConfiguration;
			buildSettings = {
				ALWAYS_SEARCH_USER_PATHS = NO;
				CLANG_ANALYZER_NONNULL = YES;
				CLANG_CXX_LANGUAGE_STANDARD = "gnu++0x";
				CLANG_CXX_LIBRARY = "libc++";
				CLANG_ENABLE_MODULES = YES;
				CLANG_ENABLE_OBJC_ARC = YES;
				CLANG_WARN_BOOL_CONVERSION = YES;
				CLANG_WARN_CONSTANT_CONVERSION = YES;
				CLANG_WARN_DIRECT_OBJC_ISA_USAGE = YES_ERROR;
				CLANG_WARN_DOCUMENTATION_COMMENTS = YES;
				CLANG_WARN_EMPTY_BODY = YES;
				CLANG_WARN_ENUM_CONVERSION = YES;
				CLANG_WARN_INFINITE_RECURSION = YES;
				CLANG_WARN_INT_CONVERSION = YES;
				CLANG_WARN_OBJC_ROOT_CLASS = YES_ERROR;
				CLANG_WARN_SUSPICIOUS_MOVE = YES;
				CLANG_WARN_UNREACHABLE_CODE = YES;
				CLANG_WARN__DUPLICATE_METHOD_MATCH = YES;
				"CODE_SIGN_IDENTITY[sdk=iphoneos*]" = "iPhone Developer";
				COPY_PHASE_STRIP = NO;
				DEBUG_INFORMATION_FORMAT = "dwarf-with-dsym";
				ENABLE_NS_ASSERTIONS = NO;
				ENABLE_STRICT_OBJC_MSGSEND = YES;
				GCC_C_LANGUAGE_STANDARD = gnu99;
				GCC_NO_COMMON_BLOCKS = YES;
				GCC_WARN_64_TO_32_BIT_CONVERSION = YES;
				GCC_WARN_ABOUT_RETURN_TYPE = YES_ERROR;
				GCC_WARN_UNDECLARED_SELECTOR = YES;
				GCC_WARN_UNINITIALIZED_AUTOS = YES_AGGRESSIVE;
				GCC_WARN_UNUSED_FUNCTION = YES;
				GCC_WARN_UNUSED_VARIABLE = YES;
				IPHONEOS_DEPLOYMENT_TARGET = 10.2;
				MTL_ENABLE_DEBUG_INFO = NO;
				SDKROOT = iphoneos;
				SWIFT_OPTIMIZATION_LEVEL = "-Owholemodule";
				TARGETED_DEVICE_FAMILY = "1,2";
				VALIDATE_PRODUCT = YES;
			};
			name = Release;
		};
		A7920D021E6E6D9700B37B81 /* Debug */ = {
			isa = XCBuildConfiguration;
			buildSettings = {
				ASSETCATALOG_COMPILER_APPICON_NAME = AppIcon;
				DEVELOPMENT_TEAM = YV47R3P48P;
				INFOPLIST_FILE = Rival_ios/Info.plist;
				LD_RUNPATH_SEARCH_PATHS = "$(inherited) @executable_path/Frameworks";
				PRODUCT_BUNDLE_IDENTIFIER = "hs.Rival-ios";
				PRODUCT_NAME = "$(TARGET_NAME)";
				SWIFT_VERSION = 3.0;
			};
			name = Debug;
		};
		A7920D031E6E6D9700B37B81 /* Release */ = {
			isa = XCBuildConfiguration;
			buildSettings = {
				ASSETCATALOG_COMPILER_APPICON_NAME = AppIcon;
				DEVELOPMENT_TEAM = YV47R3P48P;
				INFOPLIST_FILE = Rival_ios/Info.plist;
				LD_RUNPATH_SEARCH_PATHS = "$(inherited) @executable_path/Frameworks";
				PRODUCT_BUNDLE_IDENTIFIER = "hs.Rival-ios";
				PRODUCT_NAME = "$(TARGET_NAME)";
				SWIFT_VERSION = 3.0;
			};
			name = Release;
		};
		A7920D051E6E6D9700B37B81 /* Debug */ = {
			isa = XCBuildConfiguration;
			buildSettings = {
				ALWAYS_EMBED_SWIFT_STANDARD_LIBRARIES = YES;
				BUNDLE_LOADER = "$(TEST_HOST)";
				DEVELOPMENT_TEAM = YV47R3P48P;
				INFOPLIST_FILE = Rival_iosTests/Info.plist;
				LD_RUNPATH_SEARCH_PATHS = "$(inherited) @executable_path/Frameworks @loader_path/Frameworks";
				PRODUCT_BUNDLE_IDENTIFIER = "hs.Rival-iosTests";
				PRODUCT_NAME = "$(TARGET_NAME)";
				SWIFT_VERSION = 3.0;
				TEST_HOST = "$(BUILT_PRODUCTS_DIR)/Rival_ios.app/Rival_ios";
			};
			name = Debug;
		};
		A7920D061E6E6D9700B37B81 /* Release */ = {
			isa = XCBuildConfiguration;
			buildSettings = {
				ALWAYS_EMBED_SWIFT_STANDARD_LIBRARIES = YES;
				BUNDLE_LOADER = "$(TEST_HOST)";
				DEVELOPMENT_TEAM = YV47R3P48P;
				INFOPLIST_FILE = Rival_iosTests/Info.plist;
				LD_RUNPATH_SEARCH_PATHS = "$(inherited) @executable_path/Frameworks @loader_path/Frameworks";
				PRODUCT_BUNDLE_IDENTIFIER = "hs.Rival-iosTests";
				PRODUCT_NAME = "$(TARGET_NAME)";
				SWIFT_VERSION = 3.0;
				TEST_HOST = "$(BUILT_PRODUCTS_DIR)/Rival_ios.app/Rival_ios";
			};
			name = Release;
		};
		A7920D081E6E6D9700B37B81 /* Debug */ = {
			isa = XCBuildConfiguration;
			buildSettings = {
				ALWAYS_EMBED_SWIFT_STANDARD_LIBRARIES = YES;
				DEVELOPMENT_TEAM = YV47R3P48P;
				INFOPLIST_FILE = Rival_iosUITests/Info.plist;
				LD_RUNPATH_SEARCH_PATHS = "$(inherited) @executable_path/Frameworks @loader_path/Frameworks";
				PRODUCT_BUNDLE_IDENTIFIER = "hs.Rival-iosUITests";
				PRODUCT_NAME = "$(TARGET_NAME)";
				SWIFT_VERSION = 3.0;
				TEST_TARGET_NAME = Rival_ios;
			};
			name = Debug;
		};
		A7920D091E6E6D9700B37B81 /* Release */ = {
			isa = XCBuildConfiguration;
			buildSettings = {
				ALWAYS_EMBED_SWIFT_STANDARD_LIBRARIES = YES;
				DEVELOPMENT_TEAM = YV47R3P48P;
				INFOPLIST_FILE = Rival_iosUITests/Info.plist;
				LD_RUNPATH_SEARCH_PATHS = "$(inherited) @executable_path/Frameworks @loader_path/Frameworks";
				PRODUCT_BUNDLE_IDENTIFIER = "hs.Rival-iosUITests";
				PRODUCT_NAME = "$(TARGET_NAME)";
				SWIFT_VERSION = 3.0;
				TEST_TARGET_NAME = Rival_ios;
			};
			name = Release;
		};
/* End XCBuildConfiguration section */

/* Begin XCConfigurationList section */
		A7920CD01E6E6D9600B37B81 /* Build configuration list for PBXProject "Rival_ios" */ = {
			isa = XCConfigurationList;
			buildConfigurations = (
				A7920CFF1E6E6D9700B37B81 /* Debug */,
				A7920D001E6E6D9700B37B81 /* Release */,
			);
			defaultConfigurationIsVisible = 0;
			defaultConfigurationName = Release;
		};
		A7920D011E6E6D9700B37B81 /* Build configuration list for PBXNativeTarget "Rival_ios" */ = {
			isa = XCConfigurationList;
			buildConfigurations = (
				A7920D021E6E6D9700B37B81 /* Debug */,
				A7920D031E6E6D9700B37B81 /* Release */,
			);
			defaultConfigurationIsVisible = 0;
		};
		A7920D041E6E6D9700B37B81 /* Build configuration list for PBXNativeTarget "Rival_iosTests" */ = {
			isa = XCConfigurationList;
			buildConfigurations = (
				A7920D051E6E6D9700B37B81 /* Debug */,
				A7920D061E6E6D9700B37B81 /* Release */,
			);
			defaultConfigurationIsVisible = 0;
		};
		A7920D071E6E6D9700B37B81 /* Build configuration list for PBXNativeTarget "Rival_iosUITests" */ = {
			isa = XCConfigurationList;
			buildConfigurations = (
				A7920D081E6E6D9700B37B81 /* Debug */,
				A7920D091E6E6D9700B37B81 /* Release */,
			);
			defaultConfigurationIsVisible = 0;
		};
/* End XCConfigurationList section */
	};
	rootObject = A7920CCD1E6E6D9600B37B81 /* Project object */;
}
